// !$*UTF8*$!
{
	archiveVersion = 1;
	classes = {
	};
	objectVersion = 50;
	objects = {

/* Begin PBXBuildFile section */
		700DB21D24D662A600344B34 /* MonthCollectionCell.swift in Sources */ = {isa = PBXBuildFile; fileRef = 700DB21C24D662A500344B34 /* MonthCollectionCell.swift */; };
		7025C7B32476017600A6C11A /* DateCollectionCell.swift in Sources */ = {isa = PBXBuildFile; fileRef = 7025C7B22476017600A6C11A /* DateCollectionCell.swift */; };
		704A8082249570F100273D06 /* TemplateManager.swift in Sources */ = {isa = PBXBuildFile; fileRef = 704A8081249570F100273D06 /* TemplateManager.swift */; };
		704A80842495890200273D06 /* ExerciseTableCell.swift in Sources */ = {isa = PBXBuildFile; fileRef = 704A80832495890200273D06 /* ExerciseTableCell.swift */; };
		704A8086249663F200273D06 /* SetInfoCell.swift in Sources */ = {isa = PBXBuildFile; fileRef = 704A8085249663F200273D06 /* SetInfoCell.swift */; };
		704A808824967E5E00273D06 /* SetAddCell.swift in Sources */ = {isa = PBXBuildFile; fileRef = 704A808724967E5E00273D06 /* SetAddCell.swift */; };
		704A808A24968D3D00273D06 /* UserManager.swift in Sources */ = {isa = PBXBuildFile; fileRef = 704A808924968D3D00273D06 /* UserManager.swift */; };
		704A808C2496B7CE00273D06 /* Day.swift in Sources */ = {isa = PBXBuildFile; fileRef = 704A808B2496B7CE00273D06 /* Day.swift */; };
		707465D224D247A100D0E330 /* ColorTheme.swift in Sources */ = {isa = PBXBuildFile; fileRef = 707465D124D247A100D0E330 /* ColorTheme.swift */; };
		707465D424D5045700D0E330 /* Timer.swift in Sources */ = {isa = PBXBuildFile; fileRef = 707465D324D5045700D0E330 /* Timer.swift */; };
		707BE20D24C7B633009C5ADE /* MultiMonthViewController.swift in Sources */ = {isa = PBXBuildFile; fileRef = 707BE20C24C7B633009C5ADE /* MultiMonthViewController.swift */; };
		708463FC24B24674009A7D8E /* WorkoutHeaderView.swift in Sources */ = {isa = PBXBuildFile; fileRef = 708463FB24B24674009A7D8E /* WorkoutHeaderView.swift */; };
		708463FE24B267D6009A7D8E /* UIColor+Extensions.swift in Sources */ = {isa = PBXBuildFile; fileRef = 708463FD24B267D6009A7D8E /* UIColor+Extensions.swift */; };
		7084640024B3EF1E009A7D8E /* ExcerciseAddTableCell.swift in Sources */ = {isa = PBXBuildFile; fileRef = 708463FF24B3EF1E009A7D8E /* ExcerciseAddTableCell.swift */; };
		70940C34245205B6005C2E8B /* AppDelegate.swift in Sources */ = {isa = PBXBuildFile; fileRef = 70940C33245205B6005C2E8B /* AppDelegate.swift */; };
		70940C36245205B6005C2E8B /* SceneDelegate.swift in Sources */ = {isa = PBXBuildFile; fileRef = 70940C35245205B6005C2E8B /* SceneDelegate.swift */; };
		70940C38245205B6005C2E8B /* MonthViewController.swift in Sources */ = {isa = PBXBuildFile; fileRef = 70940C37245205B6005C2E8B /* MonthViewController.swift */; };
		70940C3D245205B7005C2E8B /* Assets.xcassets in Resources */ = {isa = PBXBuildFile; fileRef = 70940C3C245205B7005C2E8B /* Assets.xcassets */; };
		70940C40245205B7005C2E8B /* LaunchScreen.storyboard in Resources */ = {isa = PBXBuildFile; fileRef = 70940C3E245205B7005C2E8B /* LaunchScreen.storyboard */; };
		70D562EC247B33F8000CC15A /* DateHeaderView.swift in Sources */ = {isa = PBXBuildFile; fileRef = 70D562EB247B33F8000CC15A /* DateHeaderView.swift */; };
		70D562EE247B4989000CC15A /* Month.swift in Sources */ = {isa = PBXBuildFile; fileRef = 70D562ED247B4989000CC15A /* Month.swift */; };
		70D562F0247B49C0000CC15A /* Workout.swift in Sources */ = {isa = PBXBuildFile; fileRef = 70D562EF247B49C0000CC15A /* Workout.swift */; };
		70D562F2247B648A000CC15A /* Exercise.swift in Sources */ = {isa = PBXBuildFile; fileRef = 70D562F1247B648A000CC15A /* Exercise.swift */; };
		70D562F4247C18ED000CC15A /* WeekDayCollectionCell.swift in Sources */ = {isa = PBXBuildFile; fileRef = 70D562F3247C18ED000CC15A /* WeekDayCollectionCell.swift */; };
		70D562F6247C1A55000CC15A /* DateManager.swift in Sources */ = {isa = PBXBuildFile; fileRef = 70D562F5247C1A55000CC15A /* DateManager.swift */; };
		70D562F8247C5335000CC15A /* DayViewController.swift in Sources */ = {isa = PBXBuildFile; fileRef = 70D562F7247C5335000CC15A /* DayViewController.swift */; };
		70E8E7D124BBE6E00010C4AF /* YearViewController.swift in Sources */ = {isa = PBXBuildFile; fileRef = 70E8E7D024BBE6E00010C4AF /* YearViewController.swift */; };
		70E8E7D324BBF0360010C4AF /* Year.swift in Sources */ = {isa = PBXBuildFile; fileRef = 70E8E7D224BBF0360010C4AF /* Year.swift */; };
		70E8E7D524BBFD640010C4AF /* CalendarManager.swift in Sources */ = {isa = PBXBuildFile; fileRef = 70E8E7D424BBFD640010C4AF /* CalendarManager.swift */; };
		70E8E7D724BE85130010C4AF /* Constants.swift in Sources */ = {isa = PBXBuildFile; fileRef = 70E8E7D624BE85130010C4AF /* Constants.swift */; };
/* End PBXBuildFile section */

/* Begin PBXFileReference section */
		700DB21C24D662A500344B34 /* MonthCollectionCell.swift */ = {isa = PBXFileReference; lastKnownFileType = sourcecode.swift; path = MonthCollectionCell.swift; sourceTree = "<group>"; };
		7025C7B22476017600A6C11A /* DateCollectionCell.swift */ = {isa = PBXFileReference; lastKnownFileType = sourcecode.swift; path = DateCollectionCell.swift; sourceTree = "<group>"; };
		704A8081249570F100273D06 /* TemplateManager.swift */ = {isa = PBXFileReference; lastKnownFileType = sourcecode.swift; path = TemplateManager.swift; sourceTree = "<group>"; };
		704A80832495890200273D06 /* ExerciseTableCell.swift */ = {isa = PBXFileReference; lastKnownFileType = sourcecode.swift; path = ExerciseTableCell.swift; sourceTree = "<group>"; };
		704A8085249663F200273D06 /* SetInfoCell.swift */ = {isa = PBXFileReference; lastKnownFileType = sourcecode.swift; path = SetInfoCell.swift; sourceTree = "<group>"; };
		704A808724967E5E00273D06 /* SetAddCell.swift */ = {isa = PBXFileReference; lastKnownFileType = sourcecode.swift; path = SetAddCell.swift; sourceTree = "<group>"; };
		704A808924968D3D00273D06 /* UserManager.swift */ = {isa = PBXFileReference; lastKnownFileType = sourcecode.swift; path = UserManager.swift; sourceTree = "<group>"; };
		704A808B2496B7CE00273D06 /* Day.swift */ = {isa = PBXFileReference; lastKnownFileType = sourcecode.swift; path = Day.swift; sourceTree = "<group>"; };
		707465D124D247A100D0E330 /* ColorTheme.swift */ = {isa = PBXFileReference; lastKnownFileType = sourcecode.swift; path = ColorTheme.swift; sourceTree = "<group>"; };
		707465D324D5045700D0E330 /* Timer.swift */ = {isa = PBXFileReference; lastKnownFileType = sourcecode.swift; path = Timer.swift; sourceTree = "<group>"; };
		707BE20C24C7B633009C5ADE /* MultiMonthViewController.swift */ = {isa = PBXFileReference; lastKnownFileType = sourcecode.swift; path = MultiMonthViewController.swift; sourceTree = "<group>"; };
		708463FB24B24674009A7D8E /* WorkoutHeaderView.swift */ = {isa = PBXFileReference; lastKnownFileType = sourcecode.swift; path = WorkoutHeaderView.swift; sourceTree = "<group>"; };
		708463FD24B267D6009A7D8E /* UIColor+Extensions.swift */ = {isa = PBXFileReference; lastKnownFileType = sourcecode.swift; path = "UIColor+Extensions.swift"; sourceTree = "<group>"; };
		708463FF24B3EF1E009A7D8E /* ExcerciseAddTableCell.swift */ = {isa = PBXFileReference; lastKnownFileType = sourcecode.swift; path = ExcerciseAddTableCell.swift; sourceTree = "<group>"; };
		70940C30245205B6005C2E8B /* WorkoutLog.app */ = {isa = PBXFileReference; explicitFileType = wrapper.application; includeInIndex = 0; path = WorkoutLog.app; sourceTree = BUILT_PRODUCTS_DIR; };
		70940C33245205B6005C2E8B /* AppDelegate.swift */ = {isa = PBXFileReference; lastKnownFileType = sourcecode.swift; path = AppDelegate.swift; sourceTree = "<group>"; };
		70940C35245205B6005C2E8B /* SceneDelegate.swift */ = {isa = PBXFileReference; lastKnownFileType = sourcecode.swift; path = SceneDelegate.swift; sourceTree = "<group>"; };
		70940C37245205B6005C2E8B /* MonthViewController.swift */ = {isa = PBXFileReference; lastKnownFileType = sourcecode.swift; path = MonthViewController.swift; sourceTree = "<group>"; };
		70940C3C245205B7005C2E8B /* Assets.xcassets */ = {isa = PBXFileReference; lastKnownFileType = folder.assetcatalog; path = Assets.xcassets; sourceTree = "<group>"; };
		70940C3F245205B7005C2E8B /* Base */ = {isa = PBXFileReference; lastKnownFileType = file.storyboard; name = Base; path = Base.lproj/LaunchScreen.storyboard; sourceTree = "<group>"; };
		70940C41245205B7005C2E8B /* Info.plist */ = {isa = PBXFileReference; lastKnownFileType = text.plist.xml; path = Info.plist; sourceTree = "<group>"; };
		70D562EB247B33F8000CC15A /* DateHeaderView.swift */ = {isa = PBXFileReference; lastKnownFileType = sourcecode.swift; path = DateHeaderView.swift; sourceTree = "<group>"; };
		70D562ED247B4989000CC15A /* Month.swift */ = {isa = PBXFileReference; lastKnownFileType = sourcecode.swift; path = Month.swift; sourceTree = "<group>"; };
		70D562EF247B49C0000CC15A /* Workout.swift */ = {isa = PBXFileReference; lastKnownFileType = sourcecode.swift; path = Workout.swift; sourceTree = "<group>"; };
		70D562F1247B648A000CC15A /* Exercise.swift */ = {isa = PBXFileReference; lastKnownFileType = sourcecode.swift; path = Exercise.swift; sourceTree = "<group>"; };
		70D562F3247C18ED000CC15A /* WeekDayCollectionCell.swift */ = {isa = PBXFileReference; lastKnownFileType = sourcecode.swift; path = WeekDayCollectionCell.swift; sourceTree = "<group>"; };
		70D562F5247C1A55000CC15A /* DateManager.swift */ = {isa = PBXFileReference; lastKnownFileType = sourcecode.swift; path = DateManager.swift; sourceTree = "<group>"; };
		70D562F7247C5335000CC15A /* DayViewController.swift */ = {isa = PBXFileReference; lastKnownFileType = sourcecode.swift; path = DayViewController.swift; sourceTree = "<group>"; };
		70E8E7D024BBE6E00010C4AF /* YearViewController.swift */ = {isa = PBXFileReference; lastKnownFileType = sourcecode.swift; path = YearViewController.swift; sourceTree = "<group>"; };
		70E8E7D224BBF0360010C4AF /* Year.swift */ = {isa = PBXFileReference; lastKnownFileType = sourcecode.swift; path = Year.swift; sourceTree = "<group>"; };
		70E8E7D424BBFD640010C4AF /* CalendarManager.swift */ = {isa = PBXFileReference; lastKnownFileType = sourcecode.swift; path = CalendarManager.swift; sourceTree = "<group>"; };
		70E8E7D624BE85130010C4AF /* Constants.swift */ = {isa = PBXFileReference; lastKnownFileType = sourcecode.swift; path = Constants.swift; sourceTree = "<group>"; };
/* End PBXFileReference section */

/* Begin PBXFrameworksBuildPhase section */
		70940C2D245205B6005C2E8B /* Frameworks */ = {
			isa = PBXFrameworksBuildPhase;
			buildActionMask = 2147483647;
			files = (
			);
			runOnlyForDeploymentPostprocessing = 0;
		};
/* End PBXFrameworksBuildPhase section */

/* Begin PBXGroup section */
		7084640424B4032A009A7D8E /* Managers */ = {
			isa = PBXGroup;
			children = (
				70E8E7D424BBFD640010C4AF /* CalendarManager.swift */,
				704A8081249570F100273D06 /* TemplateManager.swift */,
				70D562F5247C1A55000CC15A /* DateManager.swift */,
				704A808924968D3D00273D06 /* UserManager.swift */,
			);
			path = Managers;
			sourceTree = "<group>";
		};
		7084640524B40338009A7D8E /* Model */ = {
			isa = PBXGroup;
			children = (
				70E8E7E024BE95840010C4AF /* ExerciseObjects */,
				70E8E7DF24BE956C0010C4AF /* DateObjects */,
				707465D324D5045700D0E330 /* Timer.swift */,
			);
			path = Model;
			sourceTree = "<group>";
		};
		7084640624B403C6009A7D8E /* Sets */ = {
			isa = PBXGroup;
			children = (
				704A8085249663F200273D06 /* SetInfoCell.swift */,
				704A808724967E5E00273D06 /* SetAddCell.swift */,
			);
			path = Sets;
			sourceTree = "<group>";
		};
		70940C27245205B6005C2E8B = {
			isa = PBXGroup;
			children = (
				70940C32245205B6005C2E8B /* WorkoutLog */,
				70940C31245205B6005C2E8B /* Products */,
			);
			sourceTree = "<group>";
		};
		70940C31245205B6005C2E8B /* Products */ = {
			isa = PBXGroup;
			children = (
				70940C30245205B6005C2E8B /* WorkoutLog.app */,
			);
			name = Products;
			sourceTree = "<group>";
		};
		70940C32245205B6005C2E8B /* WorkoutLog */ = {
			isa = PBXGroup;
			children = (
				7084640524B40338009A7D8E /* Model */,
				70E8E7DB24BE90690010C4AF /* View */,
				70E8E7DC24BE90A70010C4AF /* ViewControllers */,
				70E8E7DA24BE8D970010C4AF /* Extensions */,
				7084640424B4032A009A7D8E /* Managers */,
				707465D124D247A100D0E330 /* ColorTheme.swift */,
				70E8E7D624BE85130010C4AF /* Constants.swift */,
				70940C33245205B6005C2E8B /* AppDelegate.swift */,
				70940C35245205B6005C2E8B /* SceneDelegate.swift */,
				70940C3C245205B7005C2E8B /* Assets.xcassets */,
				70940C3E245205B7005C2E8B /* LaunchScreen.storyboard */,
				70940C41245205B7005C2E8B /* Info.plist */,
			);
			path = WorkoutLog;
			sourceTree = "<group>";
		};
		70E8E7DA24BE8D970010C4AF /* Extensions */ = {
			isa = PBXGroup;
			children = (
				708463FD24B267D6009A7D8E /* UIColor+Extensions.swift */,
			);
			path = Extensions;
			sourceTree = "<group>";
		};
		70E8E7DB24BE90690010C4AF /* View */ = {
			isa = PBXGroup;
			children = (
				708463FB24B24674009A7D8E /* WorkoutHeaderView.swift */,
				70D562EB247B33F8000CC15A /* DateHeaderView.swift */,
				708463FF24B3EF1E009A7D8E /* ExcerciseAddTableCell.swift */,
				704A80832495890200273D06 /* ExerciseTableCell.swift */,
				7025C7B22476017600A6C11A /* DateCollectionCell.swift */,
				70D562F3247C18ED000CC15A /* WeekDayCollectionCell.swift */,
				700DB21C24D662A500344B34 /* MonthCollectionCell.swift */,
				7084640624B403C6009A7D8E /* Sets */,
			);
			path = View;
			sourceTree = "<group>";
		};
		70E8E7DC24BE90A70010C4AF /* ViewControllers */ = {
			isa = PBXGroup;
			children = (
				70E8E7D024BBE6E00010C4AF /* YearViewController.swift */,
				707BE20C24C7B633009C5ADE /* MultiMonthViewController.swift */,
				70940C37245205B6005C2E8B /* MonthViewController.swift */,
				70D562F7247C5335000CC15A /* DayViewController.swift */,
			);
			path = ViewControllers;
			sourceTree = "<group>";
		};
		70E8E7DF24BE956C0010C4AF /* DateObjects */ = {
			isa = PBXGroup;
			children = (
				70E8E7D224BBF0360010C4AF /* Year.swift */,
				70D562ED247B4989000CC15A /* Month.swift */,
				704A808B2496B7CE00273D06 /* Day.swift */,
			);
			path = DateObjects;
			sourceTree = "<group>";
		};
		70E8E7E024BE95840010C4AF /* ExerciseObjects */ = {
			isa = PBXGroup;
			children = (
				70D562F1247B648A000CC15A /* Exercise.swift */,
				70D562EF247B49C0000CC15A /* Workout.swift */,
			);
			path = ExerciseObjects;
			sourceTree = "<group>";
		};
/* End PBXGroup section */

/* Begin PBXNativeTarget section */
		70940C2F245205B6005C2E8B /* WorkoutLog */ = {
			isa = PBXNativeTarget;
			buildConfigurationList = 70940C44245205B7005C2E8B /* Build configuration list for PBXNativeTarget "WorkoutLog" */;
			buildPhases = (
				70940C2C245205B6005C2E8B /* Sources */,
				70940C2D245205B6005C2E8B /* Frameworks */,
				70940C2E245205B6005C2E8B /* Resources */,
			);
			buildRules = (
			);
			dependencies = (
			);
			name = WorkoutLog;
			productName = WorkoutLog;
			productReference = 70940C30245205B6005C2E8B /* WorkoutLog.app */;
			productType = "com.apple.product-type.application";
		};
/* End PBXNativeTarget section */

/* Begin PBXProject section */
		70940C28245205B6005C2E8B /* Project object */ = {
			isa = PBXProject;
			attributes = {
				LastSwiftUpdateCheck = 1130;
				LastUpgradeCheck = 1130;
				ORGANIZATIONNAME = "Alec Barton";
				TargetAttributes = {
					70940C2F245205B6005C2E8B = {
						CreatedOnToolsVersion = 11.3;
					};
				};
			};
			buildConfigurationList = 70940C2B245205B6005C2E8B /* Build configuration list for PBXProject "WorkoutLog" */;
			compatibilityVersion = "Xcode 9.3";
			developmentRegion = en;
			hasScannedForEncodings = 0;
			knownRegions = (
				en,
				Base,
			);
			mainGroup = 70940C27245205B6005C2E8B;
			productRefGroup = 70940C31245205B6005C2E8B /* Products */;
			projectDirPath = "";
			projectRoot = "";
			targets = (
				70940C2F245205B6005C2E8B /* WorkoutLog */,
			);
		};
/* End PBXProject section */

/* Begin PBXResourcesBuildPhase section */
		70940C2E245205B6005C2E8B /* Resources */ = {
			isa = PBXResourcesBuildPhase;
			buildActionMask = 2147483647;
			files = (
				70940C40245205B7005C2E8B /* LaunchScreen.storyboard in Resources */,
				70940C3D245205B7005C2E8B /* Assets.xcassets in Resources */,
			);
			runOnlyForDeploymentPostprocessing = 0;
		};
/* End PBXResourcesBuildPhase section */

/* Begin PBXSourcesBuildPhase section */
		70940C2C245205B6005C2E8B /* Sources */ = {
			isa = PBXSourcesBuildPhase;
			buildActionMask = 2147483647;
			files = (
				70940C38245205B6005C2E8B /* MonthViewController.swift in Sources */,
				70E8E7D124BBE6E00010C4AF /* YearViewController.swift in Sources */,
				708463FC24B24674009A7D8E /* WorkoutHeaderView.swift in Sources */,
				70D562F6247C1A55000CC15A /* DateManager.swift in Sources */,
				70E8E7D324BBF0360010C4AF /* Year.swift in Sources */,
				707465D224D247A100D0E330 /* ColorTheme.swift in Sources */,
				70E8E7D724BE85130010C4AF /* Constants.swift in Sources */,
				70D562F8247C5335000CC15A /* DayViewController.swift in Sources */,
				704A80842495890200273D06 /* ExerciseTableCell.swift in Sources */,
				70940C34245205B6005C2E8B /* AppDelegate.swift in Sources */,
				704A808824967E5E00273D06 /* SetAddCell.swift in Sources */,
				704A808A24968D3D00273D06 /* UserManager.swift in Sources */,
				70D562F4247C18ED000CC15A /* WeekDayCollectionCell.swift in Sources */,
				704A8082249570F100273D06 /* TemplateManager.swift in Sources */,
				70D562F0247B49C0000CC15A /* Workout.swift in Sources */,
				707465D424D5045700D0E330 /* Timer.swift in Sources */,
				707BE20D24C7B633009C5ADE /* MultiMonthViewController.swift in Sources */,
				70E8E7D524BBFD640010C4AF /* CalendarManager.swift in Sources */,
				704A8086249663F200273D06 /* SetInfoCell.swift in Sources */,
				704A808C2496B7CE00273D06 /* Day.swift in Sources */,
				700DB21D24D662A600344B34 /* MonthCollectionCell.swift in Sources */,
				7084640024B3EF1E009A7D8E /* ExcerciseAddTableCell.swift in Sources */,
				70D562EE247B4989000CC15A /* Month.swift in Sources */,
				7025C7B32476017600A6C11A /* DateCollectionCell.swift in Sources */,
				70D562F2247B648A000CC15A /* Exercise.swift in Sources */,
				708463FE24B267D6009A7D8E /* UIColor+Extensions.swift in Sources */,
				70940C36245205B6005C2E8B /* SceneDelegate.swift in Sources */,
				70D562EC247B33F8000CC15A /* DateHeaderView.swift in Sources */,
			);
			runOnlyForDeploymentPostprocessing = 0;
		};
/* End PBXSourcesBuildPhase section */

/* Begin PBXVariantGroup section */
		70940C3E245205B7005C2E8B /* LaunchScreen.storyboard */ = {
			isa = PBXVariantGroup;
			children = (
				70940C3F245205B7005C2E8B /* Base */,
			);
			name = LaunchScreen.storyboard;
			sourceTree = "<group>";
		};
/* End PBXVariantGroup section */

/* Begin XCBuildConfiguration section */
		70940C42245205B7005C2E8B /* Debug */ = {
			isa = XCBuildConfiguration;
			buildSettings = {
				ALWAYS_SEARCH_USER_PATHS = NO;
				CLANG_ANALYZER_NONNULL = YES;
				CLANG_ANALYZER_NUMBER_OBJECT_CONVERSION = YES_AGGRESSIVE;
				CLANG_CXX_LANGUAGE_STANDARD = "gnu++14";
				CLANG_CXX_LIBRARY = "libc++";
				CLANG_ENABLE_MODULES = YES;
				CLANG_ENABLE_OBJC_ARC = YES;
				CLANG_ENABLE_OBJC_WEAK = YES;
				CLANG_WARN_BLOCK_CAPTURE_AUTORELEASING = YES;
				CLANG_WARN_BOOL_CONVERSION = YES;
				CLANG_WARN_COMMA = YES;
				CLANG_WARN_CONSTANT_CONVERSION = YES;
				CLANG_WARN_DEPRECATED_OBJC_IMPLEMENTATIONS = YES;
				CLANG_WARN_DIRECT_OBJC_ISA_USAGE = YES_ERROR;
				CLANG_WARN_DOCUMENTATION_COMMENTS = YES;
				CLANG_WARN_EMPTY_BODY = YES;
				CLANG_WARN_ENUM_CONVERSION = YES;
				CLANG_WARN_INFINITE_RECURSION = YES;
				CLANG_WARN_INT_CONVERSION = YES;
				CLANG_WARN_NON_LITERAL_NULL_CONVERSION = YES;
				CLANG_WARN_OBJC_IMPLICIT_RETAIN_SELF = YES;
				CLANG_WARN_OBJC_LITERAL_CONVERSION = YES;
				CLANG_WARN_OBJC_ROOT_CLASS = YES_ERROR;
				CLANG_WARN_RANGE_LOOP_ANALYSIS = YES;
				CLANG_WARN_STRICT_PROTOTYPES = YES;
				CLANG_WARN_SUSPICIOUS_MOVE = YES;
				CLANG_WARN_UNGUARDED_AVAILABILITY = YES_AGGRESSIVE;
				CLANG_WARN_UNREACHABLE_CODE = YES;
				CLANG_WARN__DUPLICATE_METHOD_MATCH = YES;
				COPY_PHASE_STRIP = NO;
				DEBUG_INFORMATION_FORMAT = dwarf;
				ENABLE_STRICT_OBJC_MSGSEND = YES;
				ENABLE_TESTABILITY = YES;
				GCC_C_LANGUAGE_STANDARD = gnu11;
				GCC_DYNAMIC_NO_PIC = NO;
				GCC_NO_COMMON_BLOCKS = YES;
				GCC_OPTIMIZATION_LEVEL = 0;
				GCC_PREPROCESSOR_DEFINITIONS = (
					"DEBUG=1",
					"$(inherited)",
				);
				GCC_WARN_64_TO_32_BIT_CONVERSION = YES;
				GCC_WARN_ABOUT_RETURN_TYPE = YES_ERROR;
				GCC_WARN_UNDECLARED_SELECTOR = YES;
				GCC_WARN_UNINITIALIZED_AUTOS = YES_AGGRESSIVE;
				GCC_WARN_UNUSED_FUNCTION = YES;
				GCC_WARN_UNUSED_VARIABLE = YES;
				IPHONEOS_DEPLOYMENT_TARGET = 13.2;
				MTL_ENABLE_DEBUG_INFO = INCLUDE_SOURCE;
				MTL_FAST_MATH = YES;
				ONLY_ACTIVE_ARCH = YES;
				SDKROOT = iphoneos;
				SWIFT_ACTIVE_COMPILATION_CONDITIONS = DEBUG;
				SWIFT_OPTIMIZATION_LEVEL = "-Onone";
			};
			name = Debug;
		};
		70940C43245205B7005C2E8B /* Release */ = {
			isa = XCBuildConfiguration;
			buildSettings = {
				ALWAYS_SEARCH_USER_PATHS = NO;
				CLANG_ANALYZER_NONNULL = YES;
				CLANG_ANALYZER_NUMBER_OBJECT_CONVERSION = YES_AGGRESSIVE;
				CLANG_CXX_LANGUAGE_STANDARD = "gnu++14";
				CLANG_CXX_LIBRARY = "libc++";
				CLANG_ENABLE_MODULES = YES;
				CLANG_ENABLE_OBJC_ARC = YES;
				CLANG_ENABLE_OBJC_WEAK = YES;
				CLANG_WARN_BLOCK_CAPTURE_AUTORELEASING = YES;
				CLANG_WARN_BOOL_CONVERSION = YES;
				CLANG_WARN_COMMA = YES;
				CLANG_WARN_CONSTANT_CONVERSION = YES;
				CLANG_WARN_DEPRECATED_OBJC_IMPLEMENTATIONS = YES;
				CLANG_WARN_DIRECT_OBJC_ISA_USAGE = YES_ERROR;
				CLANG_WARN_DOCUMENTATION_COMMENTS = YES;
				CLANG_WARN_EMPTY_BODY = YES;
				CLANG_WARN_ENUM_CONVERSION = YES;
				CLANG_WARN_INFINITE_RECURSION = YES;
				CLANG_WARN_INT_CONVERSION = YES;
				CLANG_WARN_NON_LITERAL_NULL_CONVERSION = YES;
				CLANG_WARN_OBJC_IMPLICIT_RETAIN_SELF = YES;
				CLANG_WARN_OBJC_LITERAL_CONVERSION = YES;
				CLANG_WARN_OBJC_ROOT_CLASS = YES_ERROR;
				CLANG_WARN_RANGE_LOOP_ANALYSIS = YES;
				CLANG_WARN_STRICT_PROTOTYPES = YES;
				CLANG_WARN_SUSPICIOUS_MOVE = YES;
				CLANG_WARN_UNGUARDED_AVAILABILITY = YES_AGGRESSIVE;
				CLANG_WARN_UNREACHABLE_CODE = YES;
				CLANG_WARN__DUPLICATE_METHOD_MATCH = YES;
				COPY_PHASE_STRIP = NO;
				DEBUG_INFORMATION_FORMAT = "dwarf-with-dsym";
				ENABLE_NS_ASSERTIONS = NO;
				ENABLE_STRICT_OBJC_MSGSEND = YES;
				GCC_C_LANGUAGE_STANDARD = gnu11;
				GCC_NO_COMMON_BLOCKS = YES;
				GCC_WARN_64_TO_32_BIT_CONVERSION = YES;
				GCC_WARN_ABOUT_RETURN_TYPE = YES_ERROR;
				GCC_WARN_UNDECLARED_SELECTOR = YES;
				GCC_WARN_UNINITIALIZED_AUTOS = YES_AGGRESSIVE;
				GCC_WARN_UNUSED_FUNCTION = YES;
				GCC_WARN_UNUSED_VARIABLE = YES;
				IPHONEOS_DEPLOYMENT_TARGET = 13.2;
				MTL_ENABLE_DEBUG_INFO = NO;
				MTL_FAST_MATH = YES;
				SDKROOT = iphoneos;
				SWIFT_COMPILATION_MODE = wholemodule;
				SWIFT_OPTIMIZATION_LEVEL = "-O";
				VALIDATE_PRODUCT = YES;
			};
			name = Release;
		};
		70940C45245205B7005C2E8B /* Debug */ = {
			isa = XCBuildConfiguration;
			buildSettings = {
				ASSETCATALOG_COMPILER_APPICON_NAME = AppIcon;
				CODE_SIGN_STYLE = Automatic;
				DEVELOPMENT_TEAM = ZM8RVLE49V;
				INFOPLIST_FILE = WorkoutLog/Info.plist;
				LD_RUNPATH_SEARCH_PATHS = (
					"$(inherited)",
					"@executable_path/Frameworks",
				);
				PRODUCT_BUNDLE_IDENTIFIER = com.bartondeveloper.WorkoutLog;
				PRODUCT_NAME = "$(TARGET_NAME)";
				SWIFT_VERSION = 5.0;
				TARGETED_DEVICE_FAMILY = "1,2";
			};
			name = Debug;
		};
		70940C46245205B7005C2E8B /* Release */ = {
			isa = XCBuildConfiguration;
			buildSettings = {
				ASSETCATALOG_COMPILER_APPICON_NAME = AppIcon;
				CODE_SIGN_STYLE = Automatic;
				DEVELOPMENT_TEAM = ZM8RVLE49V;
				INFOPLIST_FILE = WorkoutLog/Info.plist;
				LD_RUNPATH_SEARCH_PATHS = (
					"$(inherited)",
					"@executable_path/Frameworks",
				);
				PRODUCT_BUNDLE_IDENTIFIER = com.bartondeveloper.WorkoutLog;
				PRODUCT_NAME = "$(TARGET_NAME)";
				SWIFT_VERSION = 5.0;
				TARGETED_DEVICE_FAMILY = "1,2";
			};
			name = Release;
		};
/* End XCBuildConfiguration section */

/* Begin XCConfigurationList section */
		70940C2B245205B6005C2E8B /* Build configuration list for PBXProject "WorkoutLog" */ = {
			isa = XCConfigurationList;
			buildConfigurations = (
				70940C42245205B7005C2E8B /* Debug */,
				70940C43245205B7005C2E8B /* Release */,
			);
			defaultConfigurationIsVisible = 0;
			defaultConfigurationName = Release;
		};
		70940C44245205B7005C2E8B /* Build configuration list for PBXNativeTarget "WorkoutLog" */ = {
			isa = XCConfigurationList;
			buildConfigurations = (
				70940C45245205B7005C2E8B /* Debug */,
				70940C46245205B7005C2E8B /* Release */,
			);
			defaultConfigurationIsVisible = 0;
			defaultConfigurationName = Release;
		};
/* End XCConfigurationList section */
	};
	rootObject = 70940C28245205B6005C2E8B /* Project object */;
}
